// !$*UTF8*$!
{
	archiveVersion = 1;
	classes = {
	};
	objectVersion = 55;
	objects = {

/* Begin PBXBuildFile section */
		0076FE415643C9B59734AEA6 /* Pods_Task.framework in Frameworks */ = {isa = PBXBuildFile; fileRef = 5AD75A7C1495F3CF674C01AC /* Pods_Task.framework */; };
		461C8F18286C5DB100AC82AC /* AppDelegate.swift in Sources */ = {isa = PBXBuildFile; fileRef = 461C8F17286C5DB100AC82AC /* AppDelegate.swift */; };
		461C8F1A286C5DB100AC82AC /* SceneDelegate.swift in Sources */ = {isa = PBXBuildFile; fileRef = 461C8F19286C5DB100AC82AC /* SceneDelegate.swift */; };
		461C8F1C286C5DB100AC82AC /* CategoryAndPositionViewController.swift in Sources */ = {isa = PBXBuildFile; fileRef = 461C8F1B286C5DB100AC82AC /* CategoryAndPositionViewController.swift */; };
		461C8F1F286C5DB100AC82AC /* Main.storyboard in Resources */ = {isa = PBXBuildFile; fileRef = 461C8F1D286C5DB100AC82AC /* Main.storyboard */; };
		461C8F21286C5DB200AC82AC /* Assets.xcassets in Resources */ = {isa = PBXBuildFile; fileRef = 461C8F20286C5DB200AC82AC /* Assets.xcassets */; };
		461C8F24286C5DB200AC82AC /* LaunchScreen.storyboard in Resources */ = {isa = PBXBuildFile; fileRef = 461C8F22286C5DB200AC82AC /* LaunchScreen.storyboard */; };
		4635624A286F51470091F12C /* PositionTableViewCellRepresentable.swift in Sources */ = {isa = PBXBuildFile; fileRef = 46356249286F51470091F12C /* PositionTableViewCellRepresentable.swift */; };
		4651EB1B286C63D100A7E23A /* Category.swift in Sources */ = {isa = PBXBuildFile; fileRef = 4651EB1A286C63D100A7E23A /* Category.swift */; };
		4651EB1D286C63E500A7E23A /* Position.swift in Sources */ = {isa = PBXBuildFile; fileRef = 4651EB1C286C63E500A7E23A /* Position.swift */; };
		4651EB1F286C644600A7E23A /* CategoryAndPositionRouter.swift in Sources */ = {isa = PBXBuildFile; fileRef = 4651EB1E286C644600A7E23A /* CategoryAndPositionRouter.swift */; };
		4651EB21286C649300A7E23A /* CategoryModel.swift in Sources */ = {isa = PBXBuildFile; fileRef = 4651EB20286C649300A7E23A /* CategoryModel.swift */; };
		46680705287206890058E96D /* SearchCategoryPositionExtension.swift in Sources */ = {isa = PBXBuildFile; fileRef = 46680704287206890058E96D /* SearchCategoryPositionExtension.swift */; };
		467374DC286CA8ED009DAA05 /* CategoryTableViewHeaderRepresentable.swift in Sources */ = {isa = PBXBuildFile; fileRef = 467374DB286CA8ED009DAA05 /* CategoryTableViewHeaderRepresentable.swift */; };
		467374DE286CACC7009DAA05 /* CategoriesViewModel.swift in Sources */ = {isa = PBXBuildFile; fileRef = 467374DD286CACC7009DAA05 /* CategoriesViewModel.swift */; };
		467374E1286CB53B009DAA05 /* CategoryPositionExtension.swift in Sources */ = {isa = PBXBuildFile; fileRef = 467374E0286CB53B009DAA05 /* CategoryPositionExtension.swift */; };
		468628702881E3F600B32644 /* SearchExtension.swift in Sources */ = {isa = PBXBuildFile; fileRef = 4686286F2881E3F600B32644 /* SearchExtension.swift */; };
		46A39CFD286F879300CB2EB9 /* TableSectionRepresentable.swift in Sources */ = {isa = PBXBuildFile; fileRef = 46A39CFC286F879300CB2EB9 /* TableSectionRepresentable.swift */; };
		46AFA742287486470026A30D /* TableViewCellRepresentable.swift in Sources */ = {isa = PBXBuildFile; fileRef = 46AFA741287486470026A30D /* TableViewCellRepresentable.swift */; };
		46D2EC752871AD9000AFE8B2 /* IndicatorTableViewCell.swift in Sources */ = {isa = PBXBuildFile; fileRef = 46D2EC732871AD9000AFE8B2 /* IndicatorTableViewCell.swift */; };
		46D2EC762871AD9000AFE8B2 /* IndicatorTableViewCell.xib in Resources */ = {isa = PBXBuildFile; fileRef = 46D2EC742871AD9000AFE8B2 /* IndicatorTableViewCell.xib */; };
		46D2EC782871AF9300AFE8B2 /* IndicatorTableViewCellRepresentable.swift in Sources */ = {isa = PBXBuildFile; fileRef = 46D2EC772871AF9300AFE8B2 /* IndicatorTableViewCellRepresentable.swift */; };
		46D2EC7A2871BE0B00AFE8B2 /* IndicatorViewModel.swift in Sources */ = {isa = PBXBuildFile; fileRef = 46D2EC792871BE0B00AFE8B2 /* IndicatorViewModel.swift */; };
		46D7C68B286C7D480068D7BB /* PositionTableViewCell.swift in Sources */ = {isa = PBXBuildFile; fileRef = 46D7C689286C7D480068D7BB /* PositionTableViewCell.swift */; };
		46D7C68C286C7D480068D7BB /* PositionTableViewCell.xib in Resources */ = {isa = PBXBuildFile; fileRef = 46D7C68A286C7D480068D7BB /* PositionTableViewCell.xib */; };
		46D7C690286C8ED50068D7BB /* CategoryTableViewHeader.swift in Sources */ = {isa = PBXBuildFile; fileRef = 46D7C68F286C8ED50068D7BB /* CategoryTableViewHeader.swift */; };
		46EAE78D2876C86E00755C5D /* NoDataTableViewCell.swift in Sources */ = {isa = PBXBuildFile; fileRef = 46EAE78B2876C86E00755C5D /* NoDataTableViewCell.swift */; };
		46EAE78E2876C86E00755C5D /* NoDataTableViewCell.xib in Resources */ = {isa = PBXBuildFile; fileRef = 46EAE78C2876C86E00755C5D /* NoDataTableViewCell.xib */; };
		46EAE7912876CBDF00755C5D /* NoDataTableViewCellRepresentable.swift in Sources */ = {isa = PBXBuildFile; fileRef = 46EAE7902876CBDF00755C5D /* NoDataTableViewCellRepresentable.swift */; };
		46EAE7932876CC9500755C5D /* NoDataViewModel.swift in Sources */ = {isa = PBXBuildFile; fileRef = 46EAE7922876CC9500755C5D /* NoDataViewModel.swift */; };
/* End PBXBuildFile section */

/* Begin PBXFileReference section */
		2FF928A767F9305C3C52D775 /* Pods-Task.debug.xcconfig */ = {isa = PBXFileReference; includeInIndex = 1; lastKnownFileType = text.xcconfig; name = "Pods-Task.debug.xcconfig"; path = "Target Support Files/Pods-Task/Pods-Task.debug.xcconfig"; sourceTree = "<group>"; };
		461C8F14286C5DB100AC82AC /* Task.app */ = {isa = PBXFileReference; explicitFileType = wrapper.application; includeInIndex = 0; path = Task.app; sourceTree = BUILT_PRODUCTS_DIR; };
		461C8F17286C5DB100AC82AC /* AppDelegate.swift */ = {isa = PBXFileReference; lastKnownFileType = sourcecode.swift; path = AppDelegate.swift; sourceTree = "<group>"; };
		461C8F19286C5DB100AC82AC /* SceneDelegate.swift */ = {isa = PBXFileReference; lastKnownFileType = sourcecode.swift; path = SceneDelegate.swift; sourceTree = "<group>"; };
		461C8F1B286C5DB100AC82AC /* CategoryAndPositionViewController.swift */ = {isa = PBXFileReference; lastKnownFileType = sourcecode.swift; path = CategoryAndPositionViewController.swift; sourceTree = "<group>"; };
		461C8F1E286C5DB100AC82AC /* Base */ = {isa = PBXFileReference; lastKnownFileType = file.storyboard; name = Base; path = Base.lproj/Main.storyboard; sourceTree = "<group>"; };
		461C8F20286C5DB200AC82AC /* Assets.xcassets */ = {isa = PBXFileReference; lastKnownFileType = folder.assetcatalog; path = Assets.xcassets; sourceTree = "<group>"; };
		461C8F23286C5DB200AC82AC /* Base */ = {isa = PBXFileReference; lastKnownFileType = file.storyboard; name = Base; path = Base.lproj/LaunchScreen.storyboard; sourceTree = "<group>"; };
		461C8F25286C5DB200AC82AC /* Info.plist */ = {isa = PBXFileReference; lastKnownFileType = text.plist.xml; path = Info.plist; sourceTree = "<group>"; };
		46356249286F51470091F12C /* PositionTableViewCellRepresentable.swift */ = {isa = PBXFileReference; lastKnownFileType = sourcecode.swift; path = PositionTableViewCellRepresentable.swift; sourceTree = "<group>"; };
		4651EB1A286C63D100A7E23A /* Category.swift */ = {isa = PBXFileReference; lastKnownFileType = sourcecode.swift; path = Category.swift; sourceTree = "<group>"; };
		4651EB1C286C63E500A7E23A /* Position.swift */ = {isa = PBXFileReference; lastKnownFileType = sourcecode.swift; path = Position.swift; sourceTree = "<group>"; };
		4651EB1E286C644600A7E23A /* CategoryAndPositionRouter.swift */ = {isa = PBXFileReference; lastKnownFileType = sourcecode.swift; path = CategoryAndPositionRouter.swift; sourceTree = "<group>"; };
		4651EB20286C649300A7E23A /* CategoryModel.swift */ = {isa = PBXFileReference; lastKnownFileType = sourcecode.swift; path = CategoryModel.swift; sourceTree = "<group>"; };
		46680704287206890058E96D /* SearchCategoryPositionExtension.swift */ = {isa = PBXFileReference; lastKnownFileType = sourcecode.swift; path = SearchCategoryPositionExtension.swift; sourceTree = "<group>"; };
		467374DB286CA8ED009DAA05 /* CategoryTableViewHeaderRepresentable.swift */ = {isa = PBXFileReference; lastKnownFileType = sourcecode.swift; path = CategoryTableViewHeaderRepresentable.swift; sourceTree = "<group>"; };
		467374DD286CACC7009DAA05 /* CategoriesViewModel.swift */ = {isa = PBXFileReference; lastKnownFileType = sourcecode.swift; path = CategoriesViewModel.swift; sourceTree = "<group>"; };
		467374E0286CB53B009DAA05 /* CategoryPositionExtension.swift */ = {isa = PBXFileReference; lastKnownFileType = sourcecode.swift; path = CategoryPositionExtension.swift; sourceTree = "<group>"; };
		4686286F2881E3F600B32644 /* SearchExtension.swift */ = {isa = PBXFileReference; lastKnownFileType = sourcecode.swift; path = SearchExtension.swift; sourceTree = "<group>"; };
		46A39CFC286F879300CB2EB9 /* TableSectionRepresentable.swift */ = {isa = PBXFileReference; lastKnownFileType = sourcecode.swift; path = TableSectionRepresentable.swift; sourceTree = "<group>"; };
		46AFA741287486470026A30D /* TableViewCellRepresentable.swift */ = {isa = PBXFileReference; lastKnownFileType = sourcecode.swift; path = TableViewCellRepresentable.swift; sourceTree = "<group>"; };
		46D2EC732871AD9000AFE8B2 /* IndicatorTableViewCell.swift */ = {isa = PBXFileReference; lastKnownFileType = sourcecode.swift; path = IndicatorTableViewCell.swift; sourceTree = "<group>"; };
		46D2EC742871AD9000AFE8B2 /* IndicatorTableViewCell.xib */ = {isa = PBXFileReference; lastKnownFileType = file.xib; path = IndicatorTableViewCell.xib; sourceTree = "<group>"; };
		46D2EC772871AF9300AFE8B2 /* IndicatorTableViewCellRepresentable.swift */ = {isa = PBXFileReference; lastKnownFileType = sourcecode.swift; path = IndicatorTableViewCellRepresentable.swift; sourceTree = "<group>"; };
		46D2EC792871BE0B00AFE8B2 /* IndicatorViewModel.swift */ = {isa = PBXFileReference; lastKnownFileType = sourcecode.swift; path = IndicatorViewModel.swift; sourceTree = "<group>"; };
		46D7C689286C7D480068D7BB /* PositionTableViewCell.swift */ = {isa = PBXFileReference; lastKnownFileType = sourcecode.swift; path = PositionTableViewCell.swift; sourceTree = "<group>"; };
		46D7C68A286C7D480068D7BB /* PositionTableViewCell.xib */ = {isa = PBXFileReference; lastKnownFileType = file.xib; path = PositionTableViewCell.xib; sourceTree = "<group>"; };
		46D7C68F286C8ED50068D7BB /* CategoryTableViewHeader.swift */ = {isa = PBXFileReference; lastKnownFileType = sourcecode.swift; path = CategoryTableViewHeader.swift; sourceTree = "<group>"; };
		46EAE78B2876C86E00755C5D /* NoDataTableViewCell.swift */ = {isa = PBXFileReference; lastKnownFileType = sourcecode.swift; path = NoDataTableViewCell.swift; sourceTree = "<group>"; };
		46EAE78C2876C86E00755C5D /* NoDataTableViewCell.xib */ = {isa = PBXFileReference; lastKnownFileType = file.xib; path = NoDataTableViewCell.xib; sourceTree = "<group>"; };
		46EAE7902876CBDF00755C5D /* NoDataTableViewCellRepresentable.swift */ = {isa = PBXFileReference; lastKnownFileType = sourcecode.swift; path = NoDataTableViewCellRepresentable.swift; sourceTree = "<group>"; };
		46EAE7922876CC9500755C5D /* NoDataViewModel.swift */ = {isa = PBXFileReference; lastKnownFileType = sourcecode.swift; path = NoDataViewModel.swift; sourceTree = "<group>"; };
		5AD75A7C1495F3CF674C01AC /* Pods_Task.framework */ = {isa = PBXFileReference; explicitFileType = wrapper.framework; includeInIndex = 0; path = Pods_Task.framework; sourceTree = BUILT_PRODUCTS_DIR; };
		7175DBA188CE07201513C96A /* Pods-Task.release.xcconfig */ = {isa = PBXFileReference; includeInIndex = 1; lastKnownFileType = text.xcconfig; name = "Pods-Task.release.xcconfig"; path = "Target Support Files/Pods-Task/Pods-Task.release.xcconfig"; sourceTree = "<group>"; };
/* End PBXFileReference section */

/* Begin PBXFrameworksBuildPhase section */
		461C8F11286C5DB100AC82AC /* Frameworks */ = {
			isa = PBXFrameworksBuildPhase;
			buildActionMask = 2147483647;
			files = (
				0076FE415643C9B59734AEA6 /* Pods_Task.framework in Frameworks */,
			);
			runOnlyForDeploymentPostprocessing = 0;
		};
/* End PBXFrameworksBuildPhase section */

/* Begin PBXGroup section */
		154727D65F38C1DCB8562FEA /* Pods */ = {
			isa = PBXGroup;
			children = (
				2FF928A767F9305C3C52D775 /* Pods-Task.debug.xcconfig */,
				7175DBA188CE07201513C96A /* Pods-Task.release.xcconfig */,
			);
			path = Pods;
			sourceTree = "<group>";
		};
		45060CC6F8D3069C02A1E2E7 /* Frameworks */ = {
			isa = PBXGroup;
			children = (
				5AD75A7C1495F3CF674C01AC /* Pods_Task.framework */,
			);
			name = Frameworks;
			sourceTree = "<group>";
		};
		461C8F0B286C5DB100AC82AC = {
			isa = PBXGroup;
			children = (
				461C8F16286C5DB100AC82AC /* Task */,
				461C8F15286C5DB100AC82AC /* Products */,
				154727D65F38C1DCB8562FEA /* Pods */,
				45060CC6F8D3069C02A1E2E7 /* Frameworks */,
			);
			sourceTree = "<group>";
		};
		461C8F15286C5DB100AC82AC /* Products */ = {
			isa = PBXGroup;
			children = (
				461C8F14286C5DB100AC82AC /* Task.app */,
			);
			name = Products;
			sourceTree = "<group>";
		};
		461C8F16286C5DB100AC82AC /* Task */ = {
			isa = PBXGroup;
			children = (
				461C8F2B286C5DC000AC82AC /* Models */,
				461C8F2C286C5DC600AC82AC /* Entities */,
				461C8F2D286C5DCE00AC82AC /* Views */,
				461C8F2E286C5DDE00AC82AC /* View Models */,
				461C8F2F286C5DE600AC82AC /* Controllers */,
				461C8F30286C5DEC00AC82AC /* Routers */,
				461C8F31286C5E2100AC82AC /* Storyboards */,
				461C8F17286C5DB100AC82AC /* AppDelegate.swift */,
				461C8F19286C5DB100AC82AC /* SceneDelegate.swift */,
				461C8F20286C5DB200AC82AC /* Assets.xcassets */,
				461C8F25286C5DB200AC82AC /* Info.plist */,
			);
			path = Task;
			sourceTree = "<group>";
		};
		461C8F2B286C5DC000AC82AC /* Models */ = {
			isa = PBXGroup;
			children = (
				4651EB20286C649300A7E23A /* CategoryModel.swift */,
			);
			path = Models;
			sourceTree = "<group>";
		};
		461C8F2C286C5DC600AC82AC /* Entities */ = {
			isa = PBXGroup;
			children = (
				4651EB1A286C63D100A7E23A /* Category.swift */,
				4651EB1C286C63E500A7E23A /* Position.swift */,
			);
			path = Entities;
			sourceTree = "<group>";
		};
		461C8F2D286C5DCE00AC82AC /* Views */ = {
			isa = PBXGroup;
			children = (
				46AFA7402874863A0026A30D /* Protocols */,
				46EAE7882876C7C500755C5D /* NoDataCellView */,
				46D2EC722871AC7C00AFE8B2 /* IndicatorCellView */,
				46D7C692286CA47E0068D7BB /* CategoryTableViewHeader */,
				46D7C691286CA4680068D7BB /* PositionTableViewCell */,
			);
			path = Views;
			sourceTree = "<group>";
		};
		461C8F2E286C5DDE00AC82AC /* View Models */ = {
			isa = PBXGroup;
			children = (
				46EAE78F2876CBAC00755C5D /* No data  */,
				46D2EC802871EA5800AFE8B2 /* Indicator */,
				46D2EC7F2871EA4C00AFE8B2 /* Categories */,
			);
			path = "View Models";
			sourceTree = "<group>";
		};
		461C8F2F286C5DE600AC82AC /* Controllers */ = {
			isa = PBXGroup;
			children = (
				461C8F1B286C5DB100AC82AC /* CategoryAndPositionViewController.swift */,
				467374DF286CB526009DAA05 /* Extensions */,
			);
			path = Controllers;
			sourceTree = "<group>";
		};
		461C8F30286C5DEC00AC82AC /* Routers */ = {
			isa = PBXGroup;
			children = (
				4651EB1E286C644600A7E23A /* CategoryAndPositionRouter.swift */,
			);
			path = Routers;
			sourceTree = "<group>";
		};
		461C8F31286C5E2100AC82AC /* Storyboards */ = {
			isa = PBXGroup;
			children = (
				461C8F1D286C5DB100AC82AC /* Main.storyboard */,
				461C8F22286C5DB200AC82AC /* LaunchScreen.storyboard */,
			);
			path = Storyboards;
			sourceTree = "<group>";
		};
		467374DF286CB526009DAA05 /* Extensions */ = {
			isa = PBXGroup;
			children = (
				467374E0286CB53B009DAA05 /* CategoryPositionExtension.swift */,
				46680704287206890058E96D /* SearchCategoryPositionExtension.swift */,
				4686286F2881E3F600B32644 /* SearchExtension.swift */,
			);
			path = Extensions;
			sourceTree = "<group>";
		};
		46AFA7402874863A0026A30D /* Protocols */ = {
			isa = PBXGroup;
			children = (
				46AFA741287486470026A30D /* TableViewCellRepresentable.swift */,
			);
			path = Protocols;
			sourceTree = "<group>";
		};
		46D2EC722871AC7C00AFE8B2 /* IndicatorCellView */ = {
			isa = PBXGroup;
			children = (
				46D2EC732871AD9000AFE8B2 /* IndicatorTableViewCell.swift */,
				46D2EC742871AD9000AFE8B2 /* IndicatorTableViewCell.xib */,
			);
			path = IndicatorCellView;
			sourceTree = "<group>";
		};
		46D2EC7F2871EA4C00AFE8B2 /* Categories */ = {
			isa = PBXGroup;
			children = (
				467374DB286CA8ED009DAA05 /* CategoryTableViewHeaderRepresentable.swift */,
				46356249286F51470091F12C /* PositionTableViewCellRepresentable.swift */,
				46A39CFC286F879300CB2EB9 /* TableSectionRepresentable.swift */,
				467374DD286CACC7009DAA05 /* CategoriesViewModel.swift */,
			);
			path = Categories;
			sourceTree = "<group>";
		};
		46D2EC802871EA5800AFE8B2 /* Indicator */ = {
			isa = PBXGroup;
			children = (
				46D2EC772871AF9300AFE8B2 /* IndicatorTableViewCellRepresentable.swift */,
				46D2EC792871BE0B00AFE8B2 /* IndicatorViewModel.swift */,
			);
			path = Indicator;
			sourceTree = "<group>";
		};
		46D7C691286CA4680068D7BB /* PositionTableViewCell */ = {
			isa = PBXGroup;
			children = (
				46D7C689286C7D480068D7BB /* PositionTableViewCell.swift */,
				46D7C68A286C7D480068D7BB /* PositionTableViewCell.xib */,
			);
			path = PositionTableViewCell;
			sourceTree = "<group>";
		};
		46D7C692286CA47E0068D7BB /* CategoryTableViewHeader */ = {
			isa = PBXGroup;
			children = (
				46D7C68F286C8ED50068D7BB /* CategoryTableViewHeader.swift */,
			);
			path = CategoryTableViewHeader;
			sourceTree = "<group>";
		};
		46EAE7882876C7C500755C5D /* NoDataCellView */ = {
			isa = PBXGroup;
			children = (
				46EAE78B2876C86E00755C5D /* NoDataTableViewCell.swift */,
				46EAE78C2876C86E00755C5D /* NoDataTableViewCell.xib */,
			);
			path = NoDataCellView;
			sourceTree = "<group>";
		};
		46EAE78F2876CBAC00755C5D /* No data  */ = {
			isa = PBXGroup;
			children = (
				46EAE7902876CBDF00755C5D /* NoDataTableViewCellRepresentable.swift */,
				46EAE7922876CC9500755C5D /* NoDataViewModel.swift */,
			);
			path = "No data ";
			sourceTree = "<group>";
		};
/* End PBXGroup section */

/* Begin PBXNativeTarget section */
		461C8F13286C5DB100AC82AC /* Task */ = {
			isa = PBXNativeTarget;
			buildConfigurationList = 461C8F28286C5DB200AC82AC /* Build configuration list for PBXNativeTarget "Task" */;
			buildPhases = (
				5C5045E8D79A01BD2427A36B /* [CP] Check Pods Manifest.lock */,
				461C8F10286C5DB100AC82AC /* Sources */,
				461C8F11286C5DB100AC82AC /* Frameworks */,
				461C8F12286C5DB100AC82AC /* Resources */,
				DB22709FC633003A1DBE35B3 /* [CP] Embed Pods Frameworks */,
			);
			buildRules = (
			);
			dependencies = (
			);
			name = Task;
			productName = Task;
			productReference = 461C8F14286C5DB100AC82AC /* Task.app */;
			productType = "com.apple.product-type.application";
		};
/* End PBXNativeTarget section */

/* Begin PBXProject section */
		461C8F0C286C5DB100AC82AC /* Project object */ = {
			isa = PBXProject;
			attributes = {
				BuildIndependentTargetsInParallel = 1;
				LastSwiftUpdateCheck = 1330;
				LastUpgradeCheck = 1330;
				TargetAttributes = {
					461C8F13286C5DB100AC82AC = {
						CreatedOnToolsVersion = 13.3;
					};
				};
			};
			buildConfigurationList = 461C8F0F286C5DB100AC82AC /* Build configuration list for PBXProject "Task" */;
			compatibilityVersion = "Xcode 13.0";
			developmentRegion = en;
			hasScannedForEncodings = 0;
			knownRegions = (
				en,
				Base,
			);
			mainGroup = 461C8F0B286C5DB100AC82AC;
			productRefGroup = 461C8F15286C5DB100AC82AC /* Products */;
			projectDirPath = "";
			projectRoot = "";
			targets = (
				461C8F13286C5DB100AC82AC /* Task */,
			);
		};
/* End PBXProject section */

/* Begin PBXResourcesBuildPhase section */
		461C8F12286C5DB100AC82AC /* Resources */ = {
			isa = PBXResourcesBuildPhase;
			buildActionMask = 2147483647;
			files = (
				461C8F24286C5DB200AC82AC /* LaunchScreen.storyboard in Resources */,
				46D2EC762871AD9000AFE8B2 /* IndicatorTableViewCell.xib in Resources */,
				46EAE78E2876C86E00755C5D /* NoDataTableViewCell.xib in Resources */,
				461C8F21286C5DB200AC82AC /* Assets.xcassets in Resources */,
				46D7C68C286C7D480068D7BB /* PositionTableViewCell.xib in Resources */,
				461C8F1F286C5DB100AC82AC /* Main.storyboard in Resources */,
			);
			runOnlyForDeploymentPostprocessing = 0;
		};
/* End PBXResourcesBuildPhase section */

/* Begin PBXShellScriptBuildPhase section */
		5C5045E8D79A01BD2427A36B /* [CP] Check Pods Manifest.lock */ = {
			isa = PBXShellScriptBuildPhase;
			buildActionMask = 2147483647;
			files = (
			);
			inputFileListPaths = (
			);
			inputPaths = (
				"${PODS_PODFILE_DIR_PATH}/Podfile.lock",
				"${PODS_ROOT}/Manifest.lock",
			);
			name = "[CP] Check Pods Manifest.lock";
			outputFileListPaths = (
			);
			outputPaths = (
				"$(DERIVED_FILE_DIR)/Pods-Task-checkManifestLockResult.txt",
			);
			runOnlyForDeploymentPostprocessing = 0;
			shellPath = /bin/sh;
			shellScript = "diff \"${PODS_PODFILE_DIR_PATH}/Podfile.lock\" \"${PODS_ROOT}/Manifest.lock\" > /dev/null\nif [ $? != 0 ] ; then\n    # print error to STDERR\n    echo \"error: The sandbox is not in sync with the Podfile.lock. Run 'pod install' or update your CocoaPods installation.\" >&2\n    exit 1\nfi\n# This output is used by Xcode 'outputs' to avoid re-running this script phase.\necho \"SUCCESS\" > \"${SCRIPT_OUTPUT_FILE_0}\"\n";
			showEnvVarsInLog = 0;
		};
		DB22709FC633003A1DBE35B3 /* [CP] Embed Pods Frameworks */ = {
			isa = PBXShellScriptBuildPhase;
			buildActionMask = 2147483647;
			files = (
			);
			inputFileListPaths = (
				"${PODS_ROOT}/Target Support Files/Pods-Task/Pods-Task-frameworks-${CONFIGURATION}-input-files.xcfilelist",
			);
			name = "[CP] Embed Pods Frameworks";
			outputFileListPaths = (
				"${PODS_ROOT}/Target Support Files/Pods-Task/Pods-Task-frameworks-${CONFIGURATION}-output-files.xcfilelist",
			);
			runOnlyForDeploymentPostprocessing = 0;
			shellPath = /bin/sh;
			shellScript = "\"${PODS_ROOT}/Target Support Files/Pods-Task/Pods-Task-frameworks.sh\"\n";
			showEnvVarsInLog = 0;
		};
/* End PBXShellScriptBuildPhase section */

/* Begin PBXSourcesBuildPhase section */
		461C8F10286C5DB100AC82AC /* Sources */ = {
			isa = PBXSourcesBuildPhase;
			buildActionMask = 2147483647;
			files = (
				46D2EC7A2871BE0B00AFE8B2 /* IndicatorViewModel.swift in Sources */,
				4651EB21286C649300A7E23A /* CategoryModel.swift in Sources */,
				46EAE78D2876C86E00755C5D /* NoDataTableViewCell.swift in Sources */,
				467374E1286CB53B009DAA05 /* CategoryPositionExtension.swift in Sources */,
				46D2EC752871AD9000AFE8B2 /* IndicatorTableViewCell.swift in Sources */,
				4651EB1B286C63D100A7E23A /* Category.swift in Sources */,
				46AFA742287486470026A30D /* TableViewCellRepresentable.swift in Sources */,
				46D2EC782871AF9300AFE8B2 /* IndicatorTableViewCellRepresentable.swift in Sources */,
				467374DE286CACC7009DAA05 /* CategoriesViewModel.swift in Sources */,
				4651EB1D286C63E500A7E23A /* Position.swift in Sources */,
				46EAE7932876CC9500755C5D /* NoDataViewModel.swift in Sources */,
				461C8F1C286C5DB100AC82AC /* CategoryAndPositionViewController.swift in Sources */,
				46D7C68B286C7D480068D7BB /* PositionTableViewCell.swift in Sources */,
				467374DC286CA8ED009DAA05 /* CategoryTableViewHeaderRepresentable.swift in Sources */,
				46D7C690286C8ED50068D7BB /* CategoryTableViewHeader.swift in Sources */,
				46680705287206890058E96D /* SearchCategoryPositionExtension.swift in Sources */,
				461C8F18286C5DB100AC82AC /* AppDelegate.swift in Sources */,
				468628702881E3F600B32644 /* SearchExtension.swift in Sources */,
				46EAE7912876CBDF00755C5D /* NoDataTableViewCellRepresentable.swift in Sources */,
				46A39CFD286F879300CB2EB9 /* TableSectionRepresentable.swift in Sources */,
				461C8F1A286C5DB100AC82AC /* SceneDelegate.swift in Sources */,
				4651EB1F286C644600A7E23A /* CategoryAndPositionRouter.swift in Sources */,
				4635624A286F51470091F12C /* PositionTableViewCellRepresentable.swift in Sources */,
			);
			runOnlyForDeploymentPostprocessing = 0;
		};
/* End PBXSourcesBuildPhase section */

/* Begin PBXVariantGroup section */
		461C8F1D286C5DB100AC82AC /* Main.storyboard */ = {
			isa = PBXVariantGroup;
			children = (
				461C8F1E286C5DB100AC82AC /* Base */,
			);
			name = Main.storyboard;
			sourceTree = "<group>";
		};
		461C8F22286C5DB200AC82AC /* LaunchScreen.storyboard */ = {
			isa = PBXVariantGroup;
			children = (
				461C8F23286C5DB200AC82AC /* Base */,
			);
			name = LaunchScreen.storyboard;
			sourceTree = "<group>";
		};
/* End PBXVariantGroup section */

/* Begin XCBuildConfiguration section */
		461C8F26286C5DB200AC82AC /* Debug */ = {
			isa = XCBuildConfiguration;
			buildSettings = {
				ALWAYS_SEARCH_USER_PATHS = NO;
				CLANG_ANALYZER_NONNULL = YES;
				CLANG_ANALYZER_NUMBER_OBJECT_CONVERSION = YES_AGGRESSIVE;
				CLANG_CXX_LANGUAGE_STANDARD = "gnu++17";
				CLANG_ENABLE_MODULES = YES;
				CLANG_ENABLE_OBJC_ARC = YES;
				CLANG_ENABLE_OBJC_WEAK = YES;
				CLANG_WARN_BLOCK_CAPTURE_AUTORELEASING = YES;
				CLANG_WARN_BOOL_CONVERSION = YES;
				CLANG_WARN_COMMA = YES;
				CLANG_WARN_CONSTANT_CONVERSION = YES;
				CLANG_WARN_DEPRECATED_OBJC_IMPLEMENTATIONS = YES;
				CLANG_WARN_DIRECT_OBJC_ISA_USAGE = YES_ERROR;
				CLANG_WARN_DOCUMENTATION_COMMENTS = YES;
				CLANG_WARN_EMPTY_BODY = YES;
				CLANG_WARN_ENUM_CONVERSION = YES;
				CLANG_WARN_INFINITE_RECURSION = YES;
				CLANG_WARN_INT_CONVERSION = YES;
				CLANG_WARN_NON_LITERAL_NULL_CONVERSION = YES;
				CLANG_WARN_OBJC_IMPLICIT_RETAIN_SELF = YES;
				CLANG_WARN_OBJC_LITERAL_CONVERSION = YES;
				CLANG_WARN_OBJC_ROOT_CLASS = YES_ERROR;
				CLANG_WARN_QUOTED_INCLUDE_IN_FRAMEWORK_HEADER = YES;
				CLANG_WARN_RANGE_LOOP_ANALYSIS = YES;
				CLANG_WARN_STRICT_PROTOTYPES = YES;
				CLANG_WARN_SUSPICIOUS_MOVE = YES;
				CLANG_WARN_UNGUARDED_AVAILABILITY = YES_AGGRESSIVE;
				CLANG_WARN_UNREACHABLE_CODE = YES;
				CLANG_WARN__DUPLICATE_METHOD_MATCH = YES;
				COPY_PHASE_STRIP = NO;
				DEBUG_INFORMATION_FORMAT = dwarf;
				ENABLE_STRICT_OBJC_MSGSEND = YES;
				ENABLE_TESTABILITY = YES;
				GCC_C_LANGUAGE_STANDARD = gnu11;
				GCC_DYNAMIC_NO_PIC = NO;
				GCC_NO_COMMON_BLOCKS = YES;
				GCC_OPTIMIZATION_LEVEL = 0;
				GCC_PREPROCESSOR_DEFINITIONS = (
					"DEBUG=1",
					"$(inherited)",
				);
				GCC_WARN_64_TO_32_BIT_CONVERSION = YES;
				GCC_WARN_ABOUT_RETURN_TYPE = YES_ERROR;
				GCC_WARN_UNDECLARED_SELECTOR = YES;
				GCC_WARN_UNINITIALIZED_AUTOS = YES_AGGRESSIVE;
				GCC_WARN_UNUSED_FUNCTION = YES;
				GCC_WARN_UNUSED_VARIABLE = YES;
				IPHONEOS_DEPLOYMENT_TARGET = 15.4;
				MTL_ENABLE_DEBUG_INFO = INCLUDE_SOURCE;
				MTL_FAST_MATH = YES;
				ONLY_ACTIVE_ARCH = YES;
				SDKROOT = iphoneos;
				SWIFT_ACTIVE_COMPILATION_CONDITIONS = DEBUG;
				SWIFT_OPTIMIZATION_LEVEL = "-Onone";
			};
			name = Debug;
		};
		461C8F27286C5DB200AC82AC /* Release */ = {
			isa = XCBuildConfiguration;
			buildSettings = {
				ALWAYS_SEARCH_USER_PATHS = NO;
				CLANG_ANALYZER_NONNULL = YES;
				CLANG_ANALYZER_NUMBER_OBJECT_CONVERSION = YES_AGGRESSIVE;
				CLANG_CXX_LANGUAGE_STANDARD = "gnu++17";
				CLANG_ENABLE_MODULES = YES;
				CLANG_ENABLE_OBJC_ARC = YES;
				CLANG_ENABLE_OBJC_WEAK = YES;
				CLANG_WARN_BLOCK_CAPTURE_AUTORELEASING = YES;
				CLANG_WARN_BOOL_CONVERSION = YES;
				CLANG_WARN_COMMA = YES;
				CLANG_WARN_CONSTANT_CONVERSION = YES;
				CLANG_WARN_DEPRECATED_OBJC_IMPLEMENTATIONS = YES;
				CLANG_WARN_DIRECT_OBJC_ISA_USAGE = YES_ERROR;
				CLANG_WARN_DOCUMENTATION_COMMENTS = YES;
				CLANG_WARN_EMPTY_BODY = YES;
				CLANG_WARN_ENUM_CONVERSION = YES;
				CLANG_WARN_INFINITE_RECURSION = YES;
				CLANG_WARN_INT_CONVERSION = YES;
				CLANG_WARN_NON_LITERAL_NULL_CONVERSION = YES;
				CLANG_WARN_OBJC_IMPLICIT_RETAIN_SELF = YES;
				CLANG_WARN_OBJC_LITERAL_CONVERSION = YES;
				CLANG_WARN_OBJC_ROOT_CLASS = YES_ERROR;
				CLANG_WARN_QUOTED_INCLUDE_IN_FRAMEWORK_HEADER = YES;
				CLANG_WARN_RANGE_LOOP_ANALYSIS = YES;
				CLANG_WARN_STRICT_PROTOTYPES = YES;
				CLANG_WARN_SUSPICIOUS_MOVE = YES;
				CLANG_WARN_UNGUARDED_AVAILABILITY = YES_AGGRESSIVE;
				CLANG_WARN_UNREACHABLE_CODE = YES;
				CLANG_WARN__DUPLICATE_METHOD_MATCH = YES;
				COPY_PHASE_STRIP = NO;
				DEBUG_INFORMATION_FORMAT = "dwarf-with-dsym";
				ENABLE_NS_ASSERTIONS = NO;
				ENABLE_STRICT_OBJC_MSGSEND = YES;
				GCC_C_LANGUAGE_STANDARD = gnu11;
				GCC_NO_COMMON_BLOCKS = YES;
				GCC_WARN_64_TO_32_BIT_CONVERSION = YES;
				GCC_WARN_ABOUT_RETURN_TYPE = YES_ERROR;
				GCC_WARN_UNDECLARED_SELECTOR = YES;
				GCC_WARN_UNINITIALIZED_AUTOS = YES_AGGRESSIVE;
				GCC_WARN_UNUSED_FUNCTION = YES;
				GCC_WARN_UNUSED_VARIABLE = YES;
				IPHONEOS_DEPLOYMENT_TARGET = 15.4;
				MTL_ENABLE_DEBUG_INFO = NO;
				MTL_FAST_MATH = YES;
				SDKROOT = iphoneos;
				SWIFT_COMPILATION_MODE = wholemodule;
				SWIFT_OPTIMIZATION_LEVEL = "-O";
				VALIDATE_PRODUCT = YES;
			};
			name = Release;
		};
		461C8F29286C5DB200AC82AC /* Debug */ = {
			isa = XCBuildConfiguration;
			baseConfigurationReference = 2FF928A767F9305C3C52D775 /* Pods-Task.debug.xcconfig */;
			buildSettings = {
				ASSETCATALOG_COMPILER_APPICON_NAME = AppIcon;
				ASSETCATALOG_COMPILER_GLOBAL_ACCENT_COLOR_NAME = AccentColor;
				CODE_SIGN_STYLE = Automatic;
				CURRENT_PROJECT_VERSION = 1;
				GENERATE_INFOPLIST_FILE = YES;
				INFOPLIST_FILE = Task/Info.plist;
				INFOPLIST_KEY_UIApplicationSupportsIndirectInputEvents = YES;
				INFOPLIST_KEY_UILaunchStoryboardName = LaunchScreen;
				INFOPLIST_KEY_UIMainStoryboardFile = Main;
				INFOPLIST_KEY_UISupportedInterfaceOrientations_iPad = "UIInterfaceOrientationPortrait UIInterfaceOrientationPortraitUpsideDown UIInterfaceOrientationLandscapeLeft UIInterfaceOrientationLandscapeRight";
				INFOPLIST_KEY_UISupportedInterfaceOrientations_iPhone = "UIInterfaceOrientationPortrait UIInterfaceOrientationLandscapeLeft UIInterfaceOrientationLandscapeRight";
				LD_RUNPATH_SEARCH_PATHS = (
					"$(inherited)",
					"@executable_path/Frameworks",
				);
				MARKETING_VERSION = 1.0;
				PRODUCT_BUNDLE_IDENTIFIER = com.mohanad.Task;
				PRODUCT_NAME = "$(TARGET_NAME)";
				SWIFT_EMIT_LOC_STRINGS = YES;
				SWIFT_VERSION = 5.0;
				TARGETED_DEVICE_FAMILY = "1,2";
			};
			name = Debug;
		};
		461C8F2A286C5DB200AC82AC /* Release */ = {
			isa = XCBuildConfiguration;
			baseConfigurationReference = 7175DBA188CE07201513C96A /* Pods-Task.release.xcconfig */;
			buildSettings = {
				ASSETCATALOG_COMPILER_APPICON_NAME = AppIcon;
				ASSETCATALOG_COMPILER_GLOBAL_ACCENT_COLOR_NAME = AccentColor;
				CODE_SIGN_STYLE = Automatic;
				CURRENT_PROJECT_VERSION = 1;
				GENERATE_INFOPLIST_FILE = YES;
				INFOPLIST_FILE = Task/Info.plist;
				INFOPLIST_KEY_UIApplicationSupportsIndirectInputEvents = YES;
				INFOPLIST_KEY_UILaunchStoryboardName = LaunchScreen;
				INFOPLIST_KEY_UIMainStoryboardFile = Main;
				INFOPLIST_KEY_UISupportedInterfaceOrientations_iPad = "UIInterfaceOrientationPortrait UIInterfaceOrientationPortraitUpsideDown UIInterfaceOrientationLandscapeLeft UIInterfaceOrientationLandscapeRight";
				INFOPLIST_KEY_UISupportedInterfaceOrientations_iPhone = "UIInterfaceOrientationPortrait UIInterfaceOrientationLandscapeLeft UIInterfaceOrientationLandscapeRight";
				LD_RUNPATH_SEARCH_PATHS = (
					"$(inherited)",
					"@executable_path/Frameworks",
				);
				MARKETING_VERSION = 1.0;
				PRODUCT_BUNDLE_IDENTIFIER = com.mohanad.Task;
				PRODUCT_NAME = "$(TARGET_NAME)";
				SWIFT_EMIT_LOC_STRINGS = YES;
				SWIFT_VERSION = 5.0;
				TARGETED_DEVICE_FAMILY = "1,2";
			};
			name = Release;
		};
/* End XCBuildConfiguration section */

/* Begin XCConfigurationList section */
		461C8F0F286C5DB100AC82AC /* Build configuration list for PBXProject "Task" */ = {
			isa = XCConfigurationList;
			buildConfigurations = (
				461C8F26286C5DB200AC82AC /* Debug */,
				461C8F27286C5DB200AC82AC /* Release */,
			);
			defaultConfigurationIsVisible = 0;
			defaultConfigurationName = Release;
		};
		461C8F28286C5DB200AC82AC /* Build configuration list for PBXNativeTarget "Task" */ = {
			isa = XCConfigurationList;
			buildConfigurations = (
				461C8F29286C5DB200AC82AC /* Debug */,
				461C8F2A286C5DB200AC82AC /* Release */,
			);
			defaultConfigurationIsVisible = 0;
			defaultConfigurationName = Release;
		};
/* End XCConfigurationList section */
	};
	rootObject = 461C8F0C286C5DB100AC82AC /* Project object */;
}
